github.com/PaulSonOfLars/gotgbot/v2 v2.0.0-rc.36 h1:OCI373QkuzXNOoaUBNEwh4uxaaPOfSFYn3ck7WlrqMI=
github.com/PaulSonOfLars/gotgbot/v2 v2.0.0-rc.36/go.mod h1:yrKnA/812p/Vh84TYQMz36/8SNLF7OOdTmKFr5i7W7g=
github.com/creasty/defaults v1.8.0 h1:z27FJxCAa0JKt3utc0sCImAEb+spPucmKoOdLHvHYKk=
github.com/creasty/defaults v1.8.0/go.mod h1:iGzKe6pbEHnpMPtfDXZEr0NVxWnPTjb1bbDy08fPzYM=
github.com/goccy/go-yaml v1.19.2 h1:PmFC1S6h8ljIz6gMRBopkjP1TVT7xuwrButHID66PoM=
github.com/goccy/go-yaml v1.19.2/go.mod h1:XBurs7gK8ATbW4ZPGKgcbrY1Br56PdM69F7LkFRi1kA=
